
Microsoft Visual Studio Solution File, Format Version 12.00
# Visual Studio Version 16
VisualStudioVersion = 16.0.31613.86
MinimumVisualStudioVersion = 10.0.40219.1
Project("{FAE04EC0-301F-11D3-BF4B-00C04F79EFBC}") = "senai_filmes_webAPI", "senai_filmes_webAPI\senai_filmes_webAPI.csproj", "{0C377AE5-0226-4483-93B1-828160D4C5A0}"
EndProject
Global
	GlobalSection(SolutionConfigurationPlatforms) = preSolution
		Debug|Any CPU = Debug|Any CPU
		Release|Any CPU = Release|Any CPU
	EndGlobalSection
	GlobalSection(ProjectConfigurationPlatforms) = postSolution
		{0C377AE5-0226-4483-93B1-828160D4C5A0}.Debug|Any CPU.ActiveCfg = Debug|Any CPU
		{0C377AE5-0226-4483-93B1-828160D4C5A0}.Debug|Any CPU.Build.0 = Debug|Any CPU
		{0C377AE5-0226-4483-93B1-828160D4C5A0}.Release|Any CPU.ActiveCfg = Release|Any CPU
		{0C377AE5-0226-4483-93B1-828160D4C5A0}.Release|Any CPU.Build.0 = Release|Any CPU
	EndGlobalSection
	GlobalSection(SolutionProperties) = preSolution
		HideSolutionNode = FALSE
	EndGlobalSection
	GlobalSection(ExtensibilityGlobals) = postSolution
		SolutionGuid = {68E1279E-4C88-4DD5-92D1-15D4AB3B16EB}
	EndGlobalSection
EndGlobal
